
Microsoft Visual Studio Solution File, Format Version 12.00
# Visual Studio Version 17
VisualStudioVersion = 17.6.33723.286
MinimumVisualStudioVersion = 10.0.40219.1
Project("{FAE04EC0-301F-11D3-BF4B-00C04F79EFBC}") = "StartingThreadWithParametersAndPassingDataBackToUIThread", "StartingThreadWithParametersAndPassingDataBackToUIThread\StartingThreadWithParametersAndPassingDataBackToUIThread.csproj", "{39095C2C-ABF2-4C43-8D49-44AE1968A2BA}"
EndProject
Global
	GlobalSection(SolutionConfigurationPlatforms) = preSolution
		Debug|Any CPU = Debug|Any CPU
		Release|Any CPU = Release|Any CPU
	EndGlobalSection
	GlobalSection(ProjectConfigurationPlatforms) = postSolution
		{39095C2C-ABF2-4C43-8D49-44AE1968A2BA}.Debug|Any CPU.ActiveCfg = Debug|Any CPU
		{39095C2C-ABF2-4C43-8D49-44AE1968A2BA}.Debug|Any CPU.Build.0 = Debug|Any CPU
		{39095C2C-ABF2-4C43-8D49-44AE1968A2BA}.Release|Any CPU.ActiveCfg = Release|Any CPU
		{39095C2C-ABF2-4C43-8D49-44AE1968A2BA}.Release|Any CPU.Build.0 = Release|Any CPU
	EndGlobalSection
	GlobalSection(SolutionProperties) = preSolution
		HideSolutionNode = FALSE
	EndGlobalSection
	GlobalSection(ExtensibilityGlobals) = postSolution
		SolutionGuid = {341BB42C-4F56-4708-AEC8-D1A74B933385}
	EndGlobalSection
EndGlobal
